
Microsoft Visual Studio Solution File, Format Version 12.00
# Visual Studio 2015
Project("{FAE04EC0-301F-11D3-BF4B-00C04F79EFBC}") = "ChatGUI", "ChatGUI.csproj", "{7FE16C8D-07C8-9AA5-DE3C-9348C08023BF}"
EndProject
Global
	GlobalSection(SolutionConfigurationPlatforms) = preSolution
		Debug|Any CPU = Debug|Any CPU
		Release|Any CPU = Release|Any CPU
	EndGlobalSection
	GlobalSection(ProjectConfigurationPlatforms) = postSolution
		{7FE16C8D-07C8-9AA5-DE3C-9348C08023BF}.Debug|Any CPU.ActiveCfg = Debug|Any CPU
		{7FE16C8D-07C8-9AA5-DE3C-9348C08023BF}.Debug|Any CPU.Build.0 = Debug|Any CPU
		{7FE16C8D-07C8-9AA5-DE3C-9348C08023BF}.Release|Any CPU.ActiveCfg = Release|Any CPU
		{7FE16C8D-07C8-9AA5-DE3C-9348C08023BF}.Release|Any CPU.Build.0 = Release|Any CPU
	EndGlobalSection
	GlobalSection(SolutionProperties) = preSolution
		HideSolutionNode = FALSE
	EndGlobalSection
EndGlobal
