Microsoft Visual Studio Solution File, Format Version 11.00
# Visual Studio 2008

Project("{8DAAF64E-0CF0-49F3-D4B8-A7B909451F23}") = "Chat2", "Assembly-CSharp.csproj", "{8DB698FF-F396-A625-2258-32D5FC3A20F0}"
EndProject
Global
	GlobalSection(SolutionConfigurationPlatforms) = preSolution
		Debug|Any CPU = Debug|Any CPU
		Release|Any CPU = Release|Any CPU
	EndGlobalSection
	GlobalSection(ProjectConfigurationPlatforms) = postSolution
		{8DB698FF-F396-A625-2258-32D5FC3A20F0}.Debug|Any CPU.ActiveCfg = Debug|Any CPU
		{8DB698FF-F396-A625-2258-32D5FC3A20F0}.Debug|Any CPU.Build.0 = Debug|Any CPU
		{8DB698FF-F396-A625-2258-32D5FC3A20F0}.Release|Any CPU.ActiveCfg = Release|Any CPU
		{8DB698FF-F396-A625-2258-32D5FC3A20F0}.Release|Any CPU.Build.0 = Release|Any CPU
	EndGlobalSection
	GlobalSection(SolutionProperties) = preSolution
		HideSolutionNode = FALSE
	EndGlobalSection
	GlobalSection(MonoDevelopProperties) = preSolution
		StartupItem = Assembly-CSharp.csproj
	EndGlobalSection
EndGlobal
